{
    "_meta": {
        "hash": {
            "sha256": "072f1911f08f41eb072149ea852040072dbc0093b015e27c1af92df5fe532c21"
        },
        "pipfile-spec": 6,
        "requires": {
            "python_version": "3.7"
        },
        "sources": [
            {
                "name": "pypi",
                "url": "https://pypi.org/simple",
                "verify_ssl": true
            }
        ]
    },
    "default": {
        "async-generator": {
            "hashes": [
                "sha256:01c7bf666359b4967d2cda0000cc2e4af16a0ae098cbffcb8472fb9e8ad6585b",
                "sha256:6ebb3d106c12920aaae42ccb6f787ef5eefdcdd166ea3d628fa8476abe712144"
            ],
            "version": "==1.10"
        },
        "attrs": {
            "hashes": [
                "sha256:08a96c641c3a74e44eb59afb61a24f2cb9f4d7188748e76ba4bb5edfa3cb7d1c",
                "sha256:f7b7ce16570fe9965acd6d30101a28f62fb4a7f9e926b3bbc9b61f8b04247e72"
            ],
            "index": "pypi",
            "version": "==19.3.0"
        },
        "be3db00": {
            "editable": true,
            "path": "./../kivy"
        },
        "certifi": {
            "hashes": [
                "sha256:e4f3620cfea4f83eedc95b24abd9cd56f3c4b146dd0177e83a21b4eb49e21e50",
                "sha256:fd7c7c74727ddcf00e9acd26bba8da604ffec95bf1c2144e67aff7a8b50e6cef"
            ],
            "version": "==2019.9.11"
        },
        "chardet": {
            "hashes": [
                "sha256:84ab92ed1c4d4f16916e05906b6b75a6c0fb5db821cc65e70cbd64a3e2a5eaae",
                "sha256:fc323ffcaeaed0e0a02bf4d117757b98aed530d9ed4531e3e15460124c106691"
            ],
            "version": "==3.0.4"
        },
        "cython": {
            "hashes": [
                "sha256:014e8e3ddfd977153ef06bb340ab18d36ad6dd64e10c5c6d5f7e10a267f58b07",
                "sha256:032201f348bf485dcd92db77d5c2c59d59c3eaf99724993cce44d7adca77764f",
                "sha256:2766ae44325bf59f34fb196ed126c4b5d837441328c5ed1bcf13f7cf2cc212a7",
                "sha256:2abd146b8d378b0b84200fd5c5c9aca1e728eee244feb1936e3d987a013e92d9",
                "sha256:32eb52285bb927513fce3d747f0b708d80ca57bd999e98c535ccd1484dd2ec15",
                "sha256:3d484d8f59a1acc806e5bb80ea20a66af32d17254dc059314c186249ef9a6f1e",
                "sha256:4274edc0e93f4ec5a5be5663f6d01c1c2996be52dafbdd5a0c07b0b10eee282f",
                "sha256:43e055c195382504cdaabb97f620f2d46266f68dcb020dda1af75ab73a84da1b",
                "sha256:46f8df9edd8af0662f5abc58b821d6285f8bcb37252ace4448c48bcdd710cee1",
                "sha256:47ad430b519587e7d7207f0683ec8cb818874c7248aa6c34e46d7b9d7a1ecb79",
                "sha256:4b760e0449d9bb9186db576420039f330ac5f770ad40edee3fb464fbec3d536c",
                "sha256:63b528514eb0f86901a7b1a0bab2826cd3b2ba446cd936b001c9ae2755233c8d",
                "sha256:694cb85e14230f93318a397392fa2019c8a3a1f557ac59295fe6136a8f32b6c5",
                "sha256:6ab1449fa5c1ce8fe70f3be85007017340bd2598bf51c51b02d613ab326cfbfd",
                "sha256:721a4034dbeb9ff70fa1dbfb68164ce163304ca2c41cad7a208f78dc13103a82",
                "sha256:961dea78b087ec32c5aa4cb425617936aa1988f453073840898cb2a9861afb1b",
                "sha256:9e0403b408cd3099c0876033317753dc8da1f799108b5bb4476467f9db6ab4d4",
                "sha256:b07302308cff959a0f522803e08d06e04af4a565410bc9933ab6560e85ce88d0",
                "sha256:b728d489576ec3c0fb49b7656f101d8718490eeea2af5e7cd8678c533a75c6c3",
                "sha256:b88e033c06d29f3f3c760a3fb9837dce6e124d627bd562d1cdf93e9da16df215",
                "sha256:c66ac7940f30d710d86bd78db998110536be37cc2bbd8f7cd0bc4915108afc29",
                "sha256:cd645ee9ca8e4d84d5d6e34249b8bbacfb132672e525eeb5c910a36e3768c261",
                "sha256:d3246d2838ce529ed712b4006cac9099c391fdfb351f65da5e624a001ac0746a",
                "sha256:db3fabdefafb5ff05b345ae05c21b81c8d65509bd9b5e06a437c850e8fb9fd08",
                "sha256:e08497d5a43f144fc010f5764be2c54105e14884f82bcd63797a2b7639e7b231",
                "sha256:e9863b97bdb7746be3045fe34470742c0a62f5302f0a29ff5cf7542754e77434",
                "sha256:edbae1e4e8371188a29052c04eb0dcbd09bab9ac5609b417102ac518bb88d414",
                "sha256:eec27d507af6e41518160df65e25f8701100a39c4c3786cf72ec3e131a1f86da"
            ],
            "index": "pypi",
            "version": "==0.29.9"
        },
        "docutils": {
            "hashes": [
                "sha256:6c4f696463b79f1fb8ba0c594b63840ebd41f059e92b31957c46b74a4599b6d0",
                "sha256:9e4d7ecfc600058e07ba661411a2b7de2fd0fafa17d1a7f7361cd47b1175c827",
                "sha256:a2aeea129088da402665e92e0b25b04b073c04b2dce4ab65caaa38b7ce2e1a99"
            ],
            "version": "==0.15.2"
        },
        "idna": {
            "hashes": [
                "sha256:c357b3f628cf53ae2c4c05627ecc484553142ca23264e593d327bcde5e9c3407",
                "sha256:ea8b7f6188e6fa117537c3df7da9fc686d485087abf6ac197f9c46432f7e4a3c"
            ],
            "version": "==2.8"
        },
        "kivy-garden": {
            "hashes": [
                "sha256:9b7d9de5efacbcd0c4b3dd873b30622a86093c9965aa47b523c7a32f3eb34610",
                "sha256:c256f42788421273a08fbb0a228f0fb0e80dd86b629fb8c0920507f645be6c72"
            ],
            "version": "==0.1.4"
        },
        "outcome": {
            "hashes": [
                "sha256:ee46c5ce42780cde85d55a61819d0e6b8cb490f1dbd749ba75ff2629771dcd2d",
                "sha256:fc7822068ba7dd0fc2532743611e8a73246708d3564e29a39f93d6ab3701b66f"
            ],
            "version": "==1.0.1"
        },
        "pillow": {
            "hashes": [
                "sha256:047d9473cf68af50ac85f8ee5d5f21a60f849bc17d348da7fc85711287a75031",
                "sha256:0f66dc6c8a3cc319561a633b6aa82c44107f12594643efa37210d8c924fc1c71",
                "sha256:12c9169c4e8fe0a7329e8658c7e488001f6b4c8e88740e76292c2b857af2e94c",
                "sha256:248cffc168896982f125f5c13e9317c059f74fffdb4152893339f3be62a01340",
                "sha256:27faf0552bf8c260a5cee21a76e031acaea68babb64daf7e8f2e2540745082aa",
                "sha256:285edafad9bc60d96978ed24d77cdc0b91dace88e5da8c548ba5937c425bca8b",
                "sha256:384b12c9aa8ef95558abdcb50aada56d74bc7cc131dd62d28c2d0e4d3aadd573",
                "sha256:38950b3a707f6cef09cd3cbb142474357ad1a985ceb44d921bdf7b4647b3e13e",
                "sha256:4aad1b88933fd6dc2846552b89ad0c74ddbba2f0884e2c162aa368374bf5abab",
                "sha256:4ac6148008c169603070c092e81f88738f1a0c511e07bd2bb0f9ef542d375da9",
                "sha256:4deb1d2a45861ae6f0b12ea0a786a03d19d29edcc7e05775b85ec2877cb54c5e",
                "sha256:59aa2c124df72cc75ed72c8d6005c442d4685691a30c55321e00ed915ad1a291",
                "sha256:5a47d2123a9ec86660fe0e8d0ebf0aa6bc6a17edc63f338b73ea20ba11713f12",
                "sha256:5cc901c2ab9409b4b7ac7b5bcc3e86ac14548627062463da0af3b6b7c555a871",
                "sha256:6c1db03e8dff7b9f955a0fb9907eb9ca5da75b5ce056c0c93d33100a35050281",
                "sha256:7ce80c0a65a6ea90ef9c1f63c8593fcd2929448613fc8da0adf3e6bfad669d08",
                "sha256:809c19241c14433c5d6135e1b6c72da4e3b56d5c865ad5736ab99af8896b8f41",
                "sha256:83792cb4e0b5af480588601467c0764242b9a483caea71ef12d22a0d0d6bdce2",
                "sha256:846fa202bd7ee0f6215c897a1d33238ef071b50766339186687bd9b7a6d26ac5",
                "sha256:9f5529fc02009f96ba95bea48870173426879dc19eec49ca8e08cd63ecd82ddb",
                "sha256:a423c2ea001c6265ed28700df056f75e26215fd28c001e93ef4380b0f05f9547",
                "sha256:ac4428094b42907aba5879c7c000d01c8278d451a3b7cccd2103e21f6397ea75",
                "sha256:b1ae48d87f10d1384e5beecd169c77502fcc04a2c00a4c02b85f0a94b419e5f9",
                "sha256:bf4e972a88f8841d8fdc6db1a75e0f8d763e66e3754b03006cbc3854d89f1cb1",
                "sha256:c6414f6aad598364aaf81068cabb077894eb88fed99c6a65e6e8217bab62ae7a",
                "sha256:c710fcb7ee32f67baf25aa9ffede4795fd5d93b163ce95fdc724383e38c9df96",
                "sha256:c7be4b8a09852291c3c48d3c25d1b876d2494a0a674980089ac9d5e0d78bd132",
                "sha256:c9e5ffb910b14f090ac9c38599063e354887a5f6d7e6d26795e916b4514f2c1a",
                "sha256:e0697b826da6c2472bb6488db4c0a7fa8af0d52fa08833ceb3681358914b14e5",
                "sha256:e9a3edd5f714229d41057d56ac0f39ad9bdba6767e8c888c951869f0bdd129b0"
            ],
            "index": "pypi",
            "version": "==6.2.1"
        },
        "pygments": {
            "hashes": [
                "sha256:71e430bc85c88a430f000ac1d9b331d2407f681d6f6aec95e8bcfbc3df5b0127",
                "sha256:881c4c157e45f30af185c1ffe8d549d48ac9127433f2c380c24b84572ad66297"
            ],
            "version": "==2.4.2"
        },
        "requests": {
            "hashes": [
                "sha256:11e007a8a2aa0323f5a921e9e6a2d7e4e67d9877e85773fba9ba6419025cbeb4",
                "sha256:9cf5292fcd0f598c671cfc1e0d7d1a7f13bb8085e9a590f48c010551dc6c4b31"
            ],
            "version": "==2.22.0"
        },
        "sniffio": {
            "hashes": [
                "sha256:20ed6d5b46f8ae136d00b9dcb807615d83ed82ceea6b2058cecb696765246da5",
                "sha256:8e3810100f69fe0edd463d02ad407112542a11ffdc29f67db2bf3771afb87a21"
            ],
            "version": "==1.1.0"
        },
        "sortedcontainers": {
            "hashes": [
                "sha256:974e9a32f56b17c1bac2aebd9dcf197f3eb9cd30553c5852a3187ad162e1a03a",
                "sha256:d9e96492dd51fae31e60837736b38fe42a187b5404c16606ff7ee7cd582d4c60"
            ],
            "version": "==2.1.0"
        },
        "trio": {
            "hashes": [
                "sha256:a6d83c0cb4a177ec0f5179ce88e27914d5c8e6fd01c4285176b949e6ddc88c6c",
                "sha256:f1cf00054ad974c86d9b7afa187a65d79fd5995340abe01e8e4784d86f4acb30"
            ],
            "index": "pypi",
            "version": "==0.13.0"
        },
        "urllib3": {
            "hashes": [
                "sha256:a8a318824cc77d1fd4b2bec2ded92646630d7fe8619497b142c84a9e6f5a7293",
                "sha256:f3c5fd51747d450d4dcf6f923c81f78f811aab8205fda64b0aba34a4e48b0745"
            ],
            "version": "==1.25.7"
        }
    },
    "develop": {}
}
